
Microsoft Visual Studio Solution File, Format Version 12.00
# Visual Studio 2013
VisualStudioVersion = 12.0.21005.1
MinimumVisualStudioVersion = 10.0.40219.1
Project("{FAE04EC0-301F-11D3-BF4B-00C04F79EFBC}") = "MR.Csl.IdeaTracker.Infrastructure", "MR.Csl.IdeaTracker.Infrastructure\MR.Csl.IdeaTracker.Infrastructure.csproj", "{926B6DF1-286F-4F1D-B00F-930700BB32D7}"
EndProject
Global
	GlobalSection(TeamFoundationVersionControl) = preSolution
		SccNumberOfProjects = 2
		SccEnterpriseProvider = {4CA58AB2-18FA-4F8D-95D4-32DDF27D184C}
		SccTeamFoundationServer = https://cygnus.cognizant.com/tfs/mundipharma
		SccLocalPath0 = .
		SccProjectUniqueName1 = MR.Csl.IdeaTracker.Infrastructure\\MR.Csl.IdeaTracker.Infrastructure.csproj
		SccProjectName1 = MR.Csl.IdeaTracker.Infrastructure
		SccLocalPath1 = MR.Csl.IdeaTracker.Infrastructure
	EndGlobalSection
	GlobalSection(SolutionConfigurationPlatforms) = preSolution
		Debug|Any CPU = Debug|Any CPU
		Release|Any CPU = Release|Any CPU
	EndGlobalSection
	GlobalSection(ProjectConfigurationPlatforms) = postSolution
		{926B6DF1-286F-4F1D-B00F-930700BB32D7}.Debug|Any CPU.ActiveCfg = Debug|Any CPU
		{926B6DF1-286F-4F1D-B00F-930700BB32D7}.Debug|Any CPU.Build.0 = Debug|Any CPU
		{926B6DF1-286F-4F1D-B00F-930700BB32D7}.Release|Any CPU.ActiveCfg = Release|Any CPU
		{926B6DF1-286F-4F1D-B00F-930700BB32D7}.Release|Any CPU.Build.0 = Release|Any CPU
	EndGlobalSection
	GlobalSection(SolutionProperties) = preSolution
		HideSolutionNode = FALSE
	EndGlobalSection
EndGlobal
